
Microsoft Visual Studio Solution File, Format Version 12.00
Project("{FAE04EC0-301F-11D3-BF4B-00C04F79EFBC}") = "BichoBet.Domain", "BichoBet.Domain\BichoBet.Domain.csproj", "{7A50BAA3-C352-41EF-ABD4-AE745C343C22}"
EndProject
Project("{FAE04EC0-301F-11D3-BF4B-00C04F79EFBC}") = "BichoBet.Application", "BichoBet.Application\BichoBet.Application.csproj", "{8DC94243-A3C1-40DD-B19A-732094167D02}"
EndProject
Project("{FAE04EC0-301F-11D3-BF4B-00C04F79EFBC}") = "BichoBet.Infrastructure", "BichoBet.Infrastructure\BichoBet.Infrastructure.csproj", "{4A025158-C041-4684-ACD7-8FCF757C32BE}"
EndProject
Project("{FAE04EC0-301F-11D3-BF4B-00C04F79EFBC}") = "BichoBet.Workers", "BichoBet.Workers\BichoBet.Workers.csproj", "{E3A0C9FB-F780-4F48-A75C-434D83E3C9E1}"
EndProject
Project("{FAE04EC0-301F-11D3-BF4B-00C04F79EFBC}") = "BichoBet.API", "BichoBet.API\BichoBet.API.csproj", "{004A9A79-8F0B-42E0-BA26-6B8826A1D158}"
EndProject
Global
	GlobalSection(SolutionConfigurationPlatforms) = preSolution
		Debug|Any CPU = Debug|Any CPU
		Release|Any CPU = Release|Any CPU
	EndGlobalSection
	GlobalSection(ProjectConfigurationPlatforms) = postSolution
		{7A50BAA3-C352-41EF-ABD4-AE745C343C22}.Debug|Any CPU.ActiveCfg = Debug|Any CPU
		{7A50BAA3-C352-41EF-ABD4-AE745C343C22}.Debug|Any CPU.Build.0 = Debug|Any CPU
		{7A50BAA3-C352-41EF-ABD4-AE745C343C22}.Release|Any CPU.ActiveCfg = Release|Any CPU
		{7A50BAA3-C352-41EF-ABD4-AE745C343C22}.Release|Any CPU.Build.0 = Release|Any CPU
		{8DC94243-A3C1-40DD-B19A-732094167D02}.Debug|Any CPU.ActiveCfg = Debug|Any CPU
		{8DC94243-A3C1-40DD-B19A-732094167D02}.Debug|Any CPU.Build.0 = Debug|Any CPU
		{8DC94243-A3C1-40DD-B19A-732094167D02}.Release|Any CPU.ActiveCfg = Release|Any CPU
		{8DC94243-A3C1-40DD-B19A-732094167D02}.Release|Any CPU.Build.0 = Release|Any CPU
		{4A025158-C041-4684-ACD7-8FCF757C32BE}.Debug|Any CPU.ActiveCfg = Debug|Any CPU
		{4A025158-C041-4684-ACD7-8FCF757C32BE}.Debug|Any CPU.Build.0 = Debug|Any CPU
		{4A025158-C041-4684-ACD7-8FCF757C32BE}.Release|Any CPU.ActiveCfg = Release|Any CPU
		{4A025158-C041-4684-ACD7-8FCF757C32BE}.Release|Any CPU.Build.0 = Release|Any CPU
		{E3A0C9FB-F780-4F48-A75C-434D83E3C9E1}.Debug|Any CPU.ActiveCfg = Debug|Any CPU
		{E3A0C9FB-F780-4F48-A75C-434D83E3C9E1}.Debug|Any CPU.Build.0 = Debug|Any CPU
		{E3A0C9FB-F780-4F48-A75C-434D83E3C9E1}.Release|Any CPU.ActiveCfg = Release|Any CPU
		{E3A0C9FB-F780-4F48-A75C-434D83E3C9E1}.Release|Any CPU.Build.0 = Release|Any CPU
		{004A9A79-8F0B-42E0-BA26-6B8826A1D158}.Debug|Any CPU.ActiveCfg = Debug|Any CPU
		{004A9A79-8F0B-42E0-BA26-6B8826A1D158}.Debug|Any CPU.Build.0 = Debug|Any CPU
		{004A9A79-8F0B-42E0-BA26-6B8826A1D158}.Release|Any CPU.ActiveCfg = Release|Any CPU
		{004A9A79-8F0B-42E0-BA26-6B8826A1D158}.Release|Any CPU.Build.0 = Release|Any CPU
	EndGlobalSection
EndGlobal
